
Microsoft Visual Studio Solution File, Format Version 12.00
# Visual Studio Version 16
VisualStudioVersion = 16.0.30503.244
MinimumVisualStudioVersion = 10.0.40219.1
Project("{FAE04EC0-301F-11D3-BF4B-00C04F79EFBC}") = "SimpleRTSPPlayerWinforms", "SimpleRTSPPlayerWinforms\SimpleRTSPPlayerWinforms.csproj", "{BFD2E502-AC27-4838-A370-64FBB5C025DE}"
EndProject
Global
	GlobalSection(SolutionConfigurationPlatforms) = preSolution
		Debug|Any CPU = Debug|Any CPU
		Release|Any CPU = Release|Any CPU
	EndGlobalSection
	GlobalSection(ProjectConfigurationPlatforms) = postSolution
		{BFD2E502-AC27-4838-A370-64FBB5C025DE}.Debug|Any CPU.ActiveCfg = Debug|Any CPU
		{BFD2E502-AC27-4838-A370-64FBB5C025DE}.Debug|Any CPU.Build.0 = Debug|Any CPU
		{BFD2E502-AC27-4838-A370-64FBB5C025DE}.Release|Any CPU.ActiveCfg = Release|Any CPU
		{BFD2E502-AC27-4838-A370-64FBB5C025DE}.Release|Any CPU.Build.0 = Release|Any CPU
	EndGlobalSection
	GlobalSection(SolutionProperties) = preSolution
		HideSolutionNode = FALSE
	EndGlobalSection
	GlobalSection(ExtensibilityGlobals) = postSolution
		SolutionGuid = {3BBB3EA7-E9EE-4AB1-A540-13A42F17F423}
	EndGlobalSection
EndGlobal
